github.com/klauspost/cpuid/v2 v2.0.14 h1:QRqdp6bb9M9S5yyKeYteXKuoKE4p0tGlra81fKOpWH8=
github.com/klauspost/cpuid/v2 v2.0.14/go.mod h1:g2LTdtYhdyuGPqyWyv7qRAmj1WBqxuObKfj5c0PQa7c=
github.com/klauspost/reedsolomon v1.10.0 h1:MonMtg979rxSHjwtsla5dZLhreS0Lu42AyQ20bhjIGg=
github.com/klauspost/reedsolomon v1.10.0/go.mod h1:qHMIzMkuZUWqIh8mS/GruPdo3u0qwX2jk/LH440ON7Y=
github.com/vivint/infectious v0.0.0-20200605153912-25a574ae18a3 h1:zMsHhfK9+Wdl1F7sIKLyx3wrOFofpb3rWFbA4HgcK5k=
github.com/vivint/infectious v0.0.0-20200605153912-25a574ae18a3/go.mod h1:R0Gbuw7ElaGSLOZUSwBm/GgVwMd30jWxBDdAyMOeTuc=
golang.org/x/sys v0.0.0-20200323222414-85ca7c5b95cd/go.mod h1:h1NjWce9XRLGQEsW7wpKNCjG9DtNlClVuFLEZdDNbEs=
golang.org/x/sys v0.1.0 h1:kunALQeHf1/185U1i0GOB/fy1IPRDDpuoOOqRReG57U=
golang.org/x/sys v0.1.0/go.mod h1:oPkhp1MJrh7nUepCBck5+mAzfO9JrbApNNgaTdGDITg=
